
Microsoft Visual Studio Solution File, Format Version 12.00
# Visual Studio Version 17
VisualStudioVersion = 17.5.002.0
MinimumVisualStudioVersion = 10.0.40219.1
Project("{9A19103F-16F7-4668-BE54-9A1E7A4F7556}") = "assignment", "assignment.csproj", "{4DDF7062-5BA2-40D2-A269-FB0C97B2D77D}"
EndProject
Global
	GlobalSection(SolutionConfigurationPlatforms) = preSolution
		Debug|Any CPU = Debug|Any CPU
		Release|Any CPU = Release|Any CPU
	EndGlobalSection
	GlobalSection(ProjectConfigurationPlatforms) = postSolution
		{4DDF7062-5BA2-40D2-A269-FB0C97B2D77D}.Debug|Any CPU.ActiveCfg = Debug|Any CPU
		{4DDF7062-5BA2-40D2-A269-FB0C97B2D77D}.Debug|Any CPU.Build.0 = Debug|Any CPU
		{4DDF7062-5BA2-40D2-A269-FB0C97B2D77D}.Release|Any CPU.ActiveCfg = Release|Any CPU
		{4DDF7062-5BA2-40D2-A269-FB0C97B2D77D}.Release|Any CPU.Build.0 = Release|Any CPU
	EndGlobalSection
	GlobalSection(SolutionProperties) = preSolution
		HideSolutionNode = FALSE
	EndGlobalSection
	GlobalSection(ExtensibilityGlobals) = postSolution
		SolutionGuid = {14248832-C8C2-41A0-A20A-2C109D21F865}
	EndGlobalSection
EndGlobal
